{
  "name": "whatsapp-desktop",
  "version": "0.3.10",
  "lockfileVersion": 1,
  "requires": true,
  "dependencies": {
    "applescript": {
      "version": "1.0.0",
      "resolved": "https://registry.npmjs.org/applescript/-/applescript-1.0.0.tgz",
      "integrity": "sha1-u4evVoytA0pOSMS9r2Bno6JwExc="
    },
    "auto-launch": {
      "version": "5.0.1",
      "resolved": "https://registry.npmjs.org/auto-launch/-/auto-launch-5.0.1.tgz",
      "integrity": "sha1-IBWoowOEq+Dn+Yy9yoFFzxVHU64=",
      "requires": {
        "applescript": "1.0.0",
        "mkdirp": "0.5.1",
        "path-is-absolute": "1.0.1",
        "untildify": "3.0.2",
        "winreg": "1.2.2"
      }
    },
    "electron-log": {
      "version": "2.2.7",
      "resolved": "https://registry.npmjs.org/electron-log/-/electron-log-2.2.7.tgz",
      "integrity": "sha512-pRfRn53MQGJ9L1+aC0VFcps0Uo5NM4RYsdvIdnjiV6J+krMr4cgBZ/DDA3kjNsr0D0kzo2WKpMgn2fAVra99rg=="
    },
    "encoding": {
      "version": "0.1.12",
      "resolved": "https://registry.npmjs.org/encoding/-/encoding-0.1.12.tgz",
      "integrity": "sha1-U4tm8+5izRq1HsMjgp0flIDHS+s=",
      "requires": {
        "iconv-lite": "0.4.18"
      }
    },
    "gettext-parser": {
      "version": "1.2.2",
      "resolved": "https://registry.npmjs.org/gettext-parser/-/gettext-parser-1.2.2.tgz",
      "integrity": "sha1-HvDadcHnWa4wicc++k0Z5AKYdI4=",
      "requires": {
        "encoding": "0.1.12"
      }
    },
    "iconv-lite": {
      "version": "0.4.18",
      "resolved": "https://registry.npmjs.org/iconv-lite/-/iconv-lite-0.4.18.tgz",
      "integrity": "sha512-sr1ZQph3UwHTR0XftSbK85OvBbxe/abLGzEnPENCQwmHf7sck8Oyu4ob3LgBxWWxRoM+QszeUyl7jbqapu2TqA=="
    },
    "lodash.get": {
      "version": "4.4.2",
      "resolved": "https://registry.npmjs.org/lodash.get/-/lodash.get-4.4.2.tgz",
      "integrity": "sha1-LRd/ZS+jHpObRDjVNBSZ36OCXpk="
    },
    "minimist": {
      "version": "0.0.8",
      "resolved": "https://registry.npmjs.org/minimist/-/minimist-0.0.8.tgz",
      "integrity": "sha1-hX/Kv8M5fSYluCKCYuhqp6ARsF0="
    },
    "mkdirp": {
      "version": "0.5.1",
      "resolved": "https://registry.npmjs.org/mkdirp/-/mkdirp-0.5.1.tgz",
      "integrity": "sha1-MAV0OOrGz3+MR2fzhkjWaX11yQM=",
      "requires": {
        "minimist": "0.0.8"
      }
    },
    "node-gettext": {
      "version": "2.0.0",
      "resolved": "https://registry.npmjs.org/node-gettext/-/node-gettext-2.0.0.tgz",
      "integrity": "sha1-8dwSN83FRvUVk9o0AwS4vrpbhSU=",
      "requires": {
        "lodash.get": "4.4.2"
      }
    },
    "path-is-absolute": {
      "version": "1.0.1",
      "resolved": "https://registry.npmjs.org/path-is-absolute/-/path-is-absolute-1.0.1.tgz",
      "integrity": "sha1-F0uSaHNVNP+8es5r9TpanhtcX18="
    },
    "untildify": {
      "version": "3.0.2",
      "resolved": "https://registry.npmjs.org/untildify/-/untildify-3.0.2.tgz",
      "integrity": "sha1-fx8wIFWz/qDz6B3HjrNnZstl4/E="
    },
    "winreg": {
      "version": "1.2.2",
      "resolved": "https://registry.npmjs.org/winreg/-/winreg-1.2.2.tgz",
      "integrity": "sha1-hQmvo7ccW70RCm18YkfsZ3NsWY8="
    }
  }
}
